// !$*UTF8*$!
{
	archiveVersion = 1;
	classes = {
	};
	objectVersion = 46;
	objects = {

/* Begin PBXBuildFile section */
		13B1065C6D04988D7BA0C2C1 /* libPods.a in Frameworks */ = {isa = PBXBuildFile; fileRef = 52F7975B71E250A196CE0037 /* libPods.a */; };
		7A83D19A1C8ABC270061F296 /* PictureTableViewCell.m in Sources */ = {isa = PBXBuildFile; fileRef = 7A83D1981C8ABC270061F296 /* PictureTableViewCell.m */; };
		7A83D19B1C8ABC270061F296 /* PictureTableViewCell.xib in Resources */ = {isa = PBXBuildFile; fileRef = 7A83D1991C8ABC270061F296 /* PictureTableViewCell.xib */; };
		7A85B8211C8FCF6B00F9ADD5 /* DetailViewController.m in Sources */ = {isa = PBXBuildFile; fileRef = 7A85B8201C8FCF6B00F9ADD5 /* DetailViewController.m */; };
		7A8826C21C8D7383007264EC /* UIView+UIViewExtension.m in Sources */ = {isa = PBXBuildFile; fileRef = 7A8826C11C8D7383007264EC /* UIView+UIViewExtension.m */; };
		7A9AD52D1C890DE500D37B83 /* UIKit.framework in Frameworks */ = {isa = PBXBuildFile; fileRef = 7A9AD52C1C890DE500D37B83 /* UIKit.framework */; };
		7A9AD52F1C890E1900D37B83 /* Foundation.framework in Frameworks */ = {isa = PBXBuildFile; fileRef = 7A9AD52E1C890E1900D37B83 /* Foundation.framework */; };
		7A9AD5381C891E2900D37B83 /* HWTools.m in Sources */ = {isa = PBXBuildFile; fileRef = 7A9AD5371C891E2900D37B83 /* HWTools.m */; };
		7A9AD54C1C891EA700D37B83 /* VOContentLayer.m in Sources */ = {isa = PBXBuildFile; fileRef = 7A9AD53B1C891EA700D37B83 /* VOContentLayer.m */; };
		7A9AD54D1C891EA700D37B83 /* VOIndicatorAnimation.m in Sources */ = {isa = PBXBuildFile; fileRef = 7A9AD53D1C891EA700D37B83 /* VOIndicatorAnimation.m */; };
		7A9AD54E1C891EA700D37B83 /* VOSegment.m in Sources */ = {isa = PBXBuildFile; fileRef = 7A9AD53F1C891EA700D37B83 /* VOSegment.m */; };
		7A9AD54F1C891EA700D37B83 /* VOSegmentedControl.m in Sources */ = {isa = PBXBuildFile; fileRef = 7A9AD5411C891EA700D37B83 /* VOSegmentedControl.m */; };
		7A9AD5501C891EA700D37B83 /* blueArrow.png in Resources */ = {isa = PBXBuildFile; fileRef = 7A9AD5431C891EA700D37B83 /* blueArrow.png */; };
		7A9AD5511C891EA700D37B83 /* blueArrowDown.png in Resources */ = {isa = PBXBuildFile; fileRef = 7A9AD5441C891EA700D37B83 /* blueArrowDown.png */; };
		7A9AD5521C891EA700D37B83 /* PullingRefreshTableView.m in Sources */ = {isa = PBXBuildFile; fileRef = 7A9AD5461C891EA700D37B83 /* PullingRefreshTableView.m */; };
		7A9AD5531C891EA700D37B83 /* ProgressHUD.bundle in Resources */ = {isa = PBXBuildFile; fileRef = 7A9AD5491C891EA700D37B83 /* ProgressHUD.bundle */; };
		7A9AD5541C891EA700D37B83 /* ProgressHUD.m in Sources */ = {isa = PBXBuildFile; fileRef = 7A9AD54B1C891EA700D37B83 /* ProgressHUD.m */; };
		7A9AD5841C89970B00D37B83 /* First.plist in Resources */ = {isa = PBXBuildFile; fileRef = 7A9AD5831C89970B00D37B83 /* First.plist */; };
		7A9AD5861C89B44900D37B83 /* picture.plist in Resources */ = {isa = PBXBuildFile; fileRef = 7A9AD5851C89B44900D37B83 /* picture.plist */; };
		7A9B758B1C87FE0F0094E771 /* main.m in Sources */ = {isa = PBXBuildFile; fileRef = 7A9B758A1C87FE0F0094E771 /* main.m */; };
		7A9B758E1C87FE0F0094E771 /* AppDelegate.m in Sources */ = {isa = PBXBuildFile; fileRef = 7A9B758D1C87FE0F0094E771 /* AppDelegate.m */; };
		7A9B75961C87FE0F0094E771 /* Assets.xcassets in Resources */ = {isa = PBXBuildFile; fileRef = 7A9B75951C87FE0F0094E771 /* Assets.xcassets */; };
		7A9B75991C87FE0F0094E771 /* LaunchScreen.storyboard in Resources */ = {isa = PBXBuildFile; fileRef = 7A9B75971C87FE0F0094E771 /* LaunchScreen.storyboard */; };
		7A9B75B41C8837FC0094E771 /* First.storyboard in Resources */ = {isa = PBXBuildFile; fileRef = 7A9B75B31C8837FC0094E771 /* First.storyboard */; };
		7A9B75B71C88386E0094E771 /* FirstViewController.m in Sources */ = {isa = PBXBuildFile; fileRef = 7A9B75B61C88386E0094E771 /* FirstViewController.m */; };
		7A9B75BA1C8838B20094E771 /* CheckViewController.m in Sources */ = {isa = PBXBuildFile; fileRef = 7A9B75B91C8838B20094E771 /* CheckViewController.m */; };
		7A9B75BD1C8838CC0094E771 /* DiscoverViewController.m in Sources */ = {isa = PBXBuildFile; fileRef = 7A9B75BC1C8838CC0094E771 /* DiscoverViewController.m */; };
		7A9B75C01C8838DE0094E771 /* MessageViewController.m in Sources */ = {isa = PBXBuildFile; fileRef = 7A9B75BF1C8838DE0094E771 /* MessageViewController.m */; };
		7A9B75C21C8838F70094E771 /* Check.storyboard in Resources */ = {isa = PBXBuildFile; fileRef = 7A9B75C11C8838F70094E771 /* Check.storyboard */; };
		7A9B75C41C8839190094E771 /* Discover.storyboard in Resources */ = {isa = PBXBuildFile; fileRef = 7A9B75C31C8839190094E771 /* Discover.storyboard */; };
		7A9B75C61C8839270094E771 /* Message.storyboard in Resources */ = {isa = PBXBuildFile; fileRef = 7A9B75C51C8839270094E771 /* Message.storyboard */; };
		7A9B75F61C887C0B0094E771 /* SystemConfiguration.framework in Frameworks */ = {isa = PBXBuildFile; fileRef = 7A9B75F41C887BB30094E771 /* SystemConfiguration.framework */; };
		7A9B8A031C8E790C009A983A /* ZMYNetManager.m in Sources */ = {isa = PBXBuildFile; fileRef = 7A9B8A021C8E790C009A983A /* ZMYNetManager.m */; };
		7A9B8A091C8E7B13009A983A /* LICENCE.txt in Resources */ = {isa = PBXBuildFile; fileRef = 7A9B8A051C8E7B13009A983A /* LICENCE.txt */; };
		7A9B8A0A1C8E7B13009A983A /* Reachability.m in Sources */ = {isa = PBXBuildFile; fileRef = 7A9B8A071C8E7B13009A983A /* Reachability.m */; };
		7A9B8A0B1C8E7B13009A983A /* README.md in Sources */ = {isa = PBXBuildFile; fileRef = 7A9B8A081C8E7B13009A983A /* README.md */; };
		7AC117BB1C8FFB9100F5DF20 /* detail.plist in Resources */ = {isa = PBXBuildFile; fileRef = 7AC117BA1C8FFB9100F5DF20 /* detail.plist */; };
		7AC117BD1C900C3300F5DF20 /* d1.plist in Resources */ = {isa = PBXBuildFile; fileRef = 7AC117BC1C900C3300F5DF20 /* d1.plist */; };
		7AC117C01C901A8300F5DF20 /* DetailModel.m in Sources */ = {isa = PBXBuildFile; fileRef = 7AC117BF1C901A8300F5DF20 /* DetailModel.m */; };
		7AC117C71C902D4900F5DF20 /* DetailHeaderView.xib in Resources */ = {isa = PBXBuildFile; fileRef = 7AC117C61C902D4900F5DF20 /* DetailHeaderView.xib */; };
		7AC117CA1C902D7400F5DF20 /* DetailHeaderView.m in Sources */ = {isa = PBXBuildFile; fileRef = 7AC117C91C902D7400F5DF20 /* DetailHeaderView.m */; };
		7AC117D11C90506E00F5DF20 /* DetailTableViewCell.m in Sources */ = {isa = PBXBuildFile; fileRef = 7AC117CF1C90506E00F5DF20 /* DetailTableViewCell.m */; };
		7AC117D21C90506E00F5DF20 /* DetailTableViewCell.xib in Resources */ = {isa = PBXBuildFile; fileRef = 7AC117D01C90506E00F5DF20 /* DetailTableViewCell.xib */; };
		7AD24B1C1C8AF1D1008D7A4E /* PictureModel.m in Sources */ = {isa = PBXBuildFile; fileRef = 7AD24B1B1C8AF1D1008D7A4E /* PictureModel.m */; };
/* End PBXBuildFile section */

/* Begin PBXFileReference section */
		52F7975B71E250A196CE0037 /* libPods.a */ = {isa = PBXFileReference; explicitFileType = archive.ar; includeInIndex = 0; path = libPods.a; sourceTree = BUILT_PRODUCTS_DIR; };
		7A83D1971C8ABC270061F296 /* PictureTableViewCell.h */ = {isa = PBXFileReference; fileEncoding = 4; lastKnownFileType = sourcecode.c.h; path = PictureTableViewCell.h; sourceTree = "<group>"; };
		7A83D1981C8ABC270061F296 /* PictureTableViewCell.m */ = {isa = PBXFileReference; fileEncoding = 4; lastKnownFileType = sourcecode.c.objc; path = PictureTableViewCell.m; sourceTree = "<group>"; };
		7A83D1991C8ABC270061F296 /* PictureTableViewCell.xib */ = {isa = PBXFileReference; fileEncoding = 4; lastKnownFileType = file.xib; path = PictureTableViewCell.xib; sourceTree = "<group>"; };
		7A85B81F1C8FCF6B00F9ADD5 /* DetailViewController.h */ = {isa = PBXFileReference; fileEncoding = 4; lastKnownFileType = sourcecode.c.h; path = DetailViewController.h; sourceTree = "<group>"; };
		7A85B8201C8FCF6B00F9ADD5 /* DetailViewController.m */ = {isa = PBXFileReference; fileEncoding = 4; lastKnownFileType = sourcecode.c.objc; path = DetailViewController.m; sourceTree = "<group>"; };
		7A8826C01C8D7383007264EC /* UIView+UIViewExtension.h */ = {isa = PBXFileReference; fileEncoding = 4; lastKnownFileType = sourcecode.c.h; path = "UIView+UIViewExtension.h"; sourceTree = "<group>"; };
		7A8826C11C8D7383007264EC /* UIView+UIViewExtension.m */ = {isa = PBXFileReference; fileEncoding = 4; lastKnownFileType = sourcecode.c.objc; path = "UIView+UIViewExtension.m"; sourceTree = "<group>"; };
		7A9AD52C1C890DE500D37B83 /* UIKit.framework */ = {isa = PBXFileReference; lastKnownFileType = wrapper.framework; name = UIKit.framework; path = System/Library/Frameworks/UIKit.framework; sourceTree = SDKROOT; };
		7A9AD52E1C890E1900D37B83 /* Foundation.framework */ = {isa = PBXFileReference; lastKnownFileType = wrapper.framework; name = Foundation.framework; path = System/Library/Frameworks/Foundation.framework; sourceTree = SDKROOT; };
		7A9AD5361C891E2900D37B83 /* HWTools.h */ = {isa = PBXFileReference; fileEncoding = 4; lastKnownFileType = sourcecode.c.h; path = HWTools.h; sourceTree = "<group>"; };
		7A9AD5371C891E2900D37B83 /* HWTools.m */ = {isa = PBXFileReference; fileEncoding = 4; lastKnownFileType = sourcecode.c.objc; path = HWTools.m; sourceTree = "<group>"; };
		7A9AD53A1C891EA700D37B83 /* VOContentLayer.h */ = {isa = PBXFileReference; fileEncoding = 4; lastKnownFileType = sourcecode.c.h; path = VOContentLayer.h; sourceTree = "<group>"; };
		7A9AD53B1C891EA700D37B83 /* VOContentLayer.m */ = {isa = PBXFileReference; fileEncoding = 4; lastKnownFileType = sourcecode.c.objc; path = VOContentLayer.m; sourceTree = "<group>"; };
		7A9AD53C1C891EA700D37B83 /* VOIndicatorAnimation.h */ = {isa = PBXFileReference; fileEncoding = 4; lastKnownFileType = sourcecode.c.h; path = VOIndicatorAnimation.h; sourceTree = "<group>"; };
		7A9AD53D1C891EA700D37B83 /* VOIndicatorAnimation.m */ = {isa = PBXFileReference; fileEncoding = 4; lastKnownFileType = sourcecode.c.objc; path = VOIndicatorAnimation.m; sourceTree = "<group>"; };
		7A9AD53E1C891EA700D37B83 /* VOSegment.h */ = {isa = PBXFileReference; fileEncoding = 4; lastKnownFileType = sourcecode.c.h; path = VOSegment.h; sourceTree = "<group>"; };
		7A9AD53F1C891EA700D37B83 /* VOSegment.m */ = {isa = PBXFileReference; fileEncoding = 4; lastKnownFileType = sourcecode.c.objc; path = VOSegment.m; sourceTree = "<group>"; };
		7A9AD5401C891EA700D37B83 /* VOSegmentedControl.h */ = {isa = PBXFileReference; fileEncoding = 4; lastKnownFileType = sourcecode.c.h; path = VOSegmentedControl.h; sourceTree = "<group>"; };
		7A9AD5411C891EA700D37B83 /* VOSegmentedControl.m */ = {isa = PBXFileReference; fileEncoding = 4; lastKnownFileType = sourcecode.c.objc; path = VOSegmentedControl.m; sourceTree = "<group>"; };
		7A9AD5431C891EA700D37B83 /* blueArrow.png */ = {isa = PBXFileReference; lastKnownFileType = image.png; path = blueArrow.png; sourceTree = "<group>"; };
		7A9AD5441C891EA700D37B83 /* blueArrowDown.png */ = {isa = PBXFileReference; lastKnownFileType = image.png; path = blueArrowDown.png; sourceTree = "<group>"; };
		7A9AD5451C891EA700D37B83 /* PullingRefreshTableView.h */ = {isa = PBXFileReference; fileEncoding = 4; lastKnownFileType = sourcecode.c.h; path = PullingRefreshTableView.h; sourceTree = "<group>"; };
		7A9AD5461C891EA700D37B83 /* PullingRefreshTableView.m */ = {isa = PBXFileReference; fileEncoding = 4; lastKnownFileType = sourcecode.c.objc; path = PullingRefreshTableView.m; sourceTree = "<group>"; };
		7A9AD5491C891EA700D37B83 /* ProgressHUD.bundle */ = {isa = PBXFileReference; lastKnownFileType = "wrapper.plug-in"; path = ProgressHUD.bundle; sourceTree = "<group>"; };
		7A9AD54A1C891EA700D37B83 /* ProgressHUD.h */ = {isa = PBXFileReference; fileEncoding = 4; lastKnownFileType = sourcecode.c.h; path = ProgressHUD.h; sourceTree = "<group>"; };
		7A9AD54B1C891EA700D37B83 /* ProgressHUD.m */ = {isa = PBXFileReference; fileEncoding = 4; lastKnownFileType = sourcecode.c.objc; path = ProgressHUD.m; sourceTree = "<group>"; };
		7A9AD5821C897A9F00D37B83 /* Header.h */ = {isa = PBXFileReference; lastKnownFileType = sourcecode.c.h; path = Header.h; sourceTree = "<group>"; };
		7A9AD5831C89970B00D37B83 /* First.plist */ = {isa = PBXFileReference; fileEncoding = 4; lastKnownFileType = text.plist.xml; path = First.plist; sourceTree = "<group>"; };
		7A9AD5851C89B44900D37B83 /* picture.plist */ = {isa = PBXFileReference; fileEncoding = 4; lastKnownFileType = text.plist.xml; path = picture.plist; sourceTree = "<group>"; };
		7A9B75861C87FE0F0094E771 /* joker.app */ = {isa = PBXFileReference; explicitFileType = wrapper.application; includeInIndex = 0; path = joker.app; sourceTree = BUILT_PRODUCTS_DIR; };
		7A9B758A1C87FE0F0094E771 /* main.m */ = {isa = PBXFileReference; lastKnownFileType = sourcecode.c.objc; path = main.m; sourceTree = "<group>"; };
		7A9B758C1C87FE0F0094E771 /* AppDelegate.h */ = {isa = PBXFileReference; lastKnownFileType = sourcecode.c.h; path = AppDelegate.h; sourceTree = "<group>"; };
		7A9B758D1C87FE0F0094E771 /* AppDelegate.m */ = {isa = PBXFileReference; lastKnownFileType = sourcecode.c.objc; path = AppDelegate.m; sourceTree = "<group>"; };
		7A9B75951C87FE0F0094E771 /* Assets.xcassets */ = {isa = PBXFileReference; lastKnownFileType = folder.assetcatalog; path = Assets.xcassets; sourceTree = "<group>"; };
		7A9B75981C87FE0F0094E771 /* Base */ = {isa = PBXFileReference; lastKnownFileType = file.storyboard; name = Base; path = Base.lproj/LaunchScreen.storyboard; sourceTree = "<group>"; };
		7A9B759A1C87FE0F0094E771 /* Info.plist */ = {isa = PBXFileReference; lastKnownFileType = text.plist.xml; path = Info.plist; sourceTree = "<group>"; };
		7A9B75B31C8837FC0094E771 /* First.storyboard */ = {isa = PBXFileReference; fileEncoding = 4; lastKnownFileType = file.storyboard; path = First.storyboard; sourceTree = "<group>"; };
		7A9B75B51C88386E0094E771 /* FirstViewController.h */ = {isa = PBXFileReference; fileEncoding = 4; lastKnownFileType = sourcecode.c.h; path = FirstViewController.h; sourceTree = "<group>"; };
		7A9B75B61C88386E0094E771 /* FirstViewController.m */ = {isa = PBXFileReference; fileEncoding = 4; lastKnownFileType = sourcecode.c.objc; path = FirstViewController.m; sourceTree = "<group>"; };
		7A9B75B81C8838B20094E771 /* CheckViewController.h */ = {isa = PBXFileReference; fileEncoding = 4; lastKnownFileType = sourcecode.c.h; name = CheckViewController.h; path = ../../First/controller/CheckViewController.h; sourceTree = "<group>"; };
		7A9B75B91C8838B20094E771 /* CheckViewController.m */ = {isa = PBXFileReference; fileEncoding = 4; lastKnownFileType = sourcecode.c.objc; name = CheckViewController.m; path = ../../First/controller/CheckViewController.m; sourceTree = "<group>"; };
		7A9B75BB1C8838CC0094E771 /* DiscoverViewController.h */ = {isa = PBXFileReference; fileEncoding = 4; lastKnownFileType = sourcecode.c.h; name = DiscoverViewController.h; path = ../../First/controller/DiscoverViewController.h; sourceTree = "<group>"; };
		7A9B75BC1C8838CC0094E771 /* DiscoverViewController.m */ = {isa = PBXFileReference; fileEncoding = 4; lastKnownFileType = sourcecode.c.objc; name = DiscoverViewController.m; path = ../../First/controller/DiscoverViewController.m; sourceTree = "<group>"; };
		7A9B75BE1C8838DE0094E771 /* MessageViewController.h */ = {isa = PBXFileReference; fileEncoding = 4; lastKnownFileType = sourcecode.c.h; name = MessageViewController.h; path = ../../First/controller/MessageViewController.h; sourceTree = "<group>"; };
		7A9B75BF1C8838DE0094E771 /* MessageViewController.m */ = {isa = PBXFileReference; fileEncoding = 4; lastKnownFileType = sourcecode.c.objc; name = MessageViewController.m; path = ../../First/controller/MessageViewController.m; sourceTree = "<group>"; };
		7A9B75C11C8838F70094E771 /* Check.storyboard */ = {isa = PBXFileReference; fileEncoding = 4; lastKnownFileType = file.storyboard; name = Check.storyboard; path = ../../First/view/Check.storyboard; sourceTree = "<group>"; };
		7A9B75C31C8839190094E771 /* Discover.storyboard */ = {isa = PBXFileReference; fileEncoding = 4; lastKnownFileType = file.storyboard; name = Discover.storyboard; path = ../../First/view/Discover.storyboard; sourceTree = "<group>"; };
		7A9B75C51C8839270094E771 /* Message.storyboard */ = {isa = PBXFileReference; fileEncoding = 4; lastKnownFileType = file.storyboard; name = Message.storyboard; path = ../../First/view/Message.storyboard; sourceTree = "<group>"; };
		7A9B75F21C8874850094E771 /* joker.pch */ = {isa = PBXFileReference; lastKnownFileType = sourcecode.c.h; path = joker.pch; sourceTree = "<group>"; };
		7A9B75F41C887BB30094E771 /* SystemConfiguration.framework */ = {isa = PBXFileReference; lastKnownFileType = wrapper.framework; name = SystemConfiguration.framework; path = System/Library/Frameworks/SystemConfiguration.framework; sourceTree = SDKROOT; };
		7A9B8A011C8E790C009A983A /* ZMYNetManager.h */ = {isa = PBXFileReference; fileEncoding = 4; lastKnownFileType = sourcecode.c.h; path = ZMYNetManager.h; sourceTree = "<group>"; };
		7A9B8A021C8E790C009A983A /* ZMYNetManager.m */ = {isa = PBXFileReference; fileEncoding = 4; lastKnownFileType = sourcecode.c.objc; path = ZMYNetManager.m; sourceTree = "<group>"; };
		7A9B8A051C8E7B13009A983A /* LICENCE.txt */ = {isa = PBXFileReference; fileEncoding = 4; lastKnownFileType = text; path = LICENCE.txt; sourceTree = "<group>"; };
		7A9B8A061C8E7B13009A983A /* Reachability.h */ = {isa = PBXFileReference; fileEncoding = 4; lastKnownFileType = sourcecode.c.h; path = Reachability.h; sourceTree = "<group>"; };
		7A9B8A071C8E7B13009A983A /* Reachability.m */ = {isa = PBXFileReference; fileEncoding = 4; lastKnownFileType = sourcecode.c.objc; path = Reachability.m; sourceTree = "<group>"; };
		7A9B8A081C8E7B13009A983A /* README.md */ = {isa = PBXFileReference; fileEncoding = 4; lastKnownFileType = net.daringfireball.markdown; path = README.md; sourceTree = "<group>"; };
		7AC117BA1C8FFB9100F5DF20 /* detail.plist */ = {isa = PBXFileReference; fileEncoding = 4; lastKnownFileType = text.plist.xml; path = detail.plist; sourceTree = "<group>"; };
		7AC117BC1C900C3300F5DF20 /* d1.plist */ = {isa = PBXFileReference; fileEncoding = 4; lastKnownFileType = text.plist.xml; path = d1.plist; sourceTree = "<group>"; };
		7AC117BE1C901A8300F5DF20 /* DetailModel.h */ = {isa = PBXFileReference; fileEncoding = 4; lastKnownFileType = sourcecode.c.h; path = DetailModel.h; sourceTree = "<group>"; };
		7AC117BF1C901A8300F5DF20 /* DetailModel.m */ = {isa = PBXFileReference; fileEncoding = 4; lastKnownFileType = sourcecode.c.objc; path = DetailModel.m; sourceTree = "<group>"; };
		7AC117C61C902D4900F5DF20 /* DetailHeaderView.xib */ = {isa = PBXFileReference; fileEncoding = 4; lastKnownFileType = file.xib; path = DetailHeaderView.xib; sourceTree = "<group>"; };
		7AC117C81C902D7400F5DF20 /* DetailHeaderView.h */ = {isa = PBXFileReference; fileEncoding = 4; lastKnownFileType = sourcecode.c.h; path = DetailHeaderView.h; sourceTree = "<group>"; };
		7AC117C91C902D7400F5DF20 /* DetailHeaderView.m */ = {isa = PBXFileReference; fileEncoding = 4; lastKnownFileType = sourcecode.c.objc; path = DetailHeaderView.m; sourceTree = "<group>"; };
		7AC117CE1C90506E00F5DF20 /* DetailTableViewCell.h */ = {isa = PBXFileReference; fileEncoding = 4; lastKnownFileType = sourcecode.c.h; path = DetailTableViewCell.h; sourceTree = "<group>"; };
		7AC117CF1C90506E00F5DF20 /* DetailTableViewCell.m */ = {isa = PBXFileReference; fileEncoding = 4; lastKnownFileType = sourcecode.c.objc; path = DetailTableViewCell.m; sourceTree = "<group>"; };
		7AC117D01C90506E00F5DF20 /* DetailTableViewCell.xib */ = {isa = PBXFileReference; fileEncoding = 4; lastKnownFileType = file.xib; path = DetailTableViewCell.xib; sourceTree = "<group>"; };
		7AD24B1A1C8AF1D1008D7A4E /* PictureModel.h */ = {isa = PBXFileReference; fileEncoding = 4; lastKnownFileType = sourcecode.c.h; path = PictureModel.h; sourceTree = "<group>"; };
		7AD24B1B1C8AF1D1008D7A4E /* PictureModel.m */ = {isa = PBXFileReference; fileEncoding = 4; lastKnownFileType = sourcecode.c.objc; path = PictureModel.m; sourceTree = "<group>"; };
		D22155C3EFF0B822D2D07FF1 /* Pods.debug.xcconfig */ = {isa = PBXFileReference; includeInIndex = 1; lastKnownFileType = text.xcconfig; name = Pods.debug.xcconfig; path = "Pods/Target Support Files/Pods/Pods.debug.xcconfig"; sourceTree = "<group>"; };
		EC4835D6862582801A937E1E /* Pods.release.xcconfig */ = {isa = PBXFileReference; includeInIndex = 1; lastKnownFileType = text.xcconfig; name = Pods.release.xcconfig; path = "Pods/Target Support Files/Pods/Pods.release.xcconfig"; sourceTree = "<group>"; };
/* End PBXFileReference section */

/* Begin PBXFrameworksBuildPhase section */
		7A9B75831C87FE0F0094E771 /* Frameworks */ = {
			isa = PBXFrameworksBuildPhase;
			buildActionMask = 2147483647;
			files = (
				7A9AD52F1C890E1900D37B83 /* Foundation.framework in Frameworks */,
				7A9AD52D1C890DE500D37B83 /* UIKit.framework in Frameworks */,
				7A9B75F61C887C0B0094E771 /* SystemConfiguration.framework in Frameworks */,
				13B1065C6D04988D7BA0C2C1 /* libPods.a in Frameworks */,
			);
			runOnlyForDeploymentPostprocessing = 0;
		};
/* End PBXFrameworksBuildPhase section */

/* Begin PBXGroup section */
		0621ACCC2132684917B0E804 /* Frameworks */ = {
			isa = PBXGroup;
			children = (
				7A9AD52E1C890E1900D37B83 /* Foundation.framework */,
				7A9AD52C1C890DE500D37B83 /* UIKit.framework */,
				7A9B75F41C887BB30094E771 /* SystemConfiguration.framework */,
				52F7975B71E250A196CE0037 /* libPods.a */,
			);
			name = Frameworks;
			sourceTree = "<group>";
		};
		7A9AD5391C891EA700D37B83 /* VOSegmentedControl */ = {
			isa = PBXGroup;
			children = (
				7A9AD53A1C891EA700D37B83 /* VOContentLayer.h */,
				7A9AD53B1C891EA700D37B83 /* VOContentLayer.m */,
				7A9AD53C1C891EA700D37B83 /* VOIndicatorAnimation.h */,
				7A9AD53D1C891EA700D37B83 /* VOIndicatorAnimation.m */,
				7A9AD53E1C891EA700D37B83 /* VOSegment.h */,
				7A9AD53F1C891EA700D37B83 /* VOSegment.m */,
				7A9AD5401C891EA700D37B83 /* VOSegmentedControl.h */,
				7A9AD5411C891EA700D37B83 /* VOSegmentedControl.m */,
			);
			path = VOSegmentedControl;
			sourceTree = "<group>";
		};
		7A9AD5421C891EA700D37B83 /* PullingRefreshTableView */ = {
			isa = PBXGroup;
			children = (
				7A9AD5431C891EA700D37B83 /* blueArrow.png */,
				7A9AD5441C891EA700D37B83 /* blueArrowDown.png */,
				7A9AD5451C891EA700D37B83 /* PullingRefreshTableView.h */,
				7A9AD5461C891EA700D37B83 /* PullingRefreshTableView.m */,
				7A9AD5471C891EA700D37B83 /* VOSegmentedControl */,
			);
			path = PullingRefreshTableView;
			sourceTree = "<group>";
		};
		7A9AD5471C891EA700D37B83 /* VOSegmentedControl */ = {
			isa = PBXGroup;
			children = (
			);
			path = VOSegmentedControl;
			sourceTree = "<group>";
		};
		7A9AD5481C891EA700D37B83 /* ProgressHUD */ = {
			isa = PBXGroup;
			children = (
				7A9AD5491C891EA700D37B83 /* ProgressHUD.bundle */,
				7A9AD54A1C891EA700D37B83 /* ProgressHUD.h */,
				7A9AD54B1C891EA700D37B83 /* ProgressHUD.m */,
			);
			path = ProgressHUD;
			sourceTree = "<group>";
		};
		7A9B757D1C87FE0F0094E771 = {
			isa = PBXGroup;
			children = (
				7A9B75881C87FE0F0094E771 /* joker */,
				7A9B75871C87FE0F0094E771 /* Products */,
				CFF3105342BBBB21742A3CF7 /* Pods */,
				0621ACCC2132684917B0E804 /* Frameworks */,
			);
			sourceTree = "<group>";
		};
		7A9B75871C87FE0F0094E771 /* Products */ = {
			isa = PBXGroup;
			children = (
				7A9B75861C87FE0F0094E771 /* joker.app */,
			);
			name = Products;
			sourceTree = "<group>";
		};
		7A9B75881C87FE0F0094E771 /* joker */ = {
			isa = PBXGroup;
			children = (
				7A9B75B21C8802610094E771 /* Rescouse */,
				7A9B75B11C8802610094E771 /* Library */,
				7A9B75A01C8802610094E771 /* classes */,
				7A9B758C1C87FE0F0094E771 /* AppDelegate.h */,
				7A9B758D1C87FE0F0094E771 /* AppDelegate.m */,
				7A9B75951C87FE0F0094E771 /* Assets.xcassets */,
				7A9B75971C87FE0F0094E771 /* LaunchScreen.storyboard */,
				7A9B759A1C87FE0F0094E771 /* Info.plist */,
				7A9B75891C87FE0F0094E771 /* Supporting Files */,
			);
			path = joker;
			sourceTree = "<group>";
		};
		7A9B75891C87FE0F0094E771 /* Supporting Files */ = {
			isa = PBXGroup;
			children = (
				7A9B758A1C87FE0F0094E771 /* main.m */,
			);
			name = "Supporting Files";
			sourceTree = "<group>";
		};
		7A9B75A01C8802610094E771 /* classes */ = {
			isa = PBXGroup;
			children = (
				7A9B75A91C8802610094E771 /* First */,
				7A9B75A11C8802610094E771 /* Check */,
				7A9B75A51C8802610094E771 /* Discover */,
				7A9B75AD1C8802610094E771 /* Message */,
			);
			path = classes;
			sourceTree = "<group>";
		};
		7A9B75A11C8802610094E771 /* Check */ = {
			isa = PBXGroup;
			children = (
				7A9B75A21C8802610094E771 /* controller */,
				7A9B75A31C8802610094E771 /* model */,
				7A9B75A41C8802610094E771 /* view */,
			);
			path = Check;
			sourceTree = "<group>";
		};
		7A9B75A21C8802610094E771 /* controller */ = {
			isa = PBXGroup;
			children = (
				7A9B75B81C8838B20094E771 /* CheckViewController.h */,
				7A9B75B91C8838B20094E771 /* CheckViewController.m */,
			);
			path = controller;
			sourceTree = "<group>";
		};
		7A9B75A31C8802610094E771 /* model */ = {
			isa = PBXGroup;
			children = (
			);
			path = model;
			sourceTree = "<group>";
		};
		7A9B75A41C8802610094E771 /* view */ = {
			isa = PBXGroup;
			children = (
				7A9B75C11C8838F70094E771 /* Check.storyboard */,
			);
			path = view;
			sourceTree = "<group>";
		};
		7A9B75A51C8802610094E771 /* Discover */ = {
			isa = PBXGroup;
			children = (
				7A9B75A61C8802610094E771 /* controller */,
				7A9B75A71C8802610094E771 /* model */,
				7A9B75A81C8802610094E771 /* view */,
			);
			path = Discover;
			sourceTree = "<group>";
		};
		7A9B75A61C8802610094E771 /* controller */ = {
			isa = PBXGroup;
			children = (
				7A9B75BB1C8838CC0094E771 /* DiscoverViewController.h */,
				7A9B75BC1C8838CC0094E771 /* DiscoverViewController.m */,
			);
			path = controller;
			sourceTree = "<group>";
		};
		7A9B75A71C8802610094E771 /* model */ = {
			isa = PBXGroup;
			children = (
			);
			path = model;
			sourceTree = "<group>";
		};
		7A9B75A81C8802610094E771 /* view */ = {
			isa = PBXGroup;
			children = (
				7A9B75C31C8839190094E771 /* Discover.storyboard */,
			);
			path = view;
			sourceTree = "<group>";
		};
		7A9B75A91C8802610094E771 /* First */ = {
			isa = PBXGroup;
			children = (
				7A9B75AA1C8802610094E771 /* controller */,
				7A9B75AB1C8802610094E771 /* model */,
				7A9B75AC1C8802610094E771 /* view */,
			);
			path = First;
			sourceTree = "<group>";
		};
		7A9B75AA1C8802610094E771 /* controller */ = {
			isa = PBXGroup;
			children = (
				7A9B75B51C88386E0094E771 /* FirstViewController.h */,
				7A9B75B61C88386E0094E771 /* FirstViewController.m */,
				7A85B81F1C8FCF6B00F9ADD5 /* DetailViewController.h */,
				7A85B8201C8FCF6B00F9ADD5 /* DetailViewController.m */,
			);
			path = controller;
			sourceTree = "<group>";
		};
		7A9B75AB1C8802610094E771 /* model */ = {
			isa = PBXGroup;
			children = (
				7A9AD5831C89970B00D37B83 /* First.plist */,
				7A9AD5851C89B44900D37B83 /* picture.plist */,
				7AC117BA1C8FFB9100F5DF20 /* detail.plist */,
				7AC117BC1C900C3300F5DF20 /* d1.plist */,
				7AD24B1A1C8AF1D1008D7A4E /* PictureModel.h */,
				7AD24B1B1C8AF1D1008D7A4E /* PictureModel.m */,
				7AC117BE1C901A8300F5DF20 /* DetailModel.h */,
				7AC117BF1C901A8300F5DF20 /* DetailModel.m */,
			);
			path = model;
			sourceTree = "<group>";
		};
		7A9B75AC1C8802610094E771 /* view */ = {
			isa = PBXGroup;
			children = (
				7A9B75B31C8837FC0094E771 /* First.storyboard */,
				7A83D1971C8ABC270061F296 /* PictureTableViewCell.h */,
				7A83D1981C8ABC270061F296 /* PictureTableViewCell.m */,
				7A83D1991C8ABC270061F296 /* PictureTableViewCell.xib */,
				7AC117C81C902D7400F5DF20 /* DetailHeaderView.h */,
				7AC117C91C902D7400F5DF20 /* DetailHeaderView.m */,
				7AC117C61C902D4900F5DF20 /* DetailHeaderView.xib */,
				7AC117CE1C90506E00F5DF20 /* DetailTableViewCell.h */,
				7AC117CF1C90506E00F5DF20 /* DetailTableViewCell.m */,
				7AC117D01C90506E00F5DF20 /* DetailTableViewCell.xib */,
			);
			path = view;
			sourceTree = "<group>";
		};
		7A9B75AD1C8802610094E771 /* Message */ = {
			isa = PBXGroup;
			children = (
				7A9B75AE1C8802610094E771 /* controller */,
				7A9B75AF1C8802610094E771 /* model */,
				7A9B75B01C8802610094E771 /* view */,
			);
			path = Message;
			sourceTree = "<group>";
		};
		7A9B75AE1C8802610094E771 /* controller */ = {
			isa = PBXGroup;
			children = (
				7A9B75BE1C8838DE0094E771 /* MessageViewController.h */,
				7A9B75BF1C8838DE0094E771 /* MessageViewController.m */,
			);
			path = controller;
			sourceTree = "<group>";
		};
		7A9B75AF1C8802610094E771 /* model */ = {
			isa = PBXGroup;
			children = (
			);
			path = model;
			sourceTree = "<group>";
		};
		7A9B75B01C8802610094E771 /* view */ = {
			isa = PBXGroup;
			children = (
				7A9B75C51C8839270094E771 /* Message.storyboard */,
			);
			path = view;
			sourceTree = "<group>";
		};
		7A9B75B11C8802610094E771 /* Library */ = {
			isa = PBXGroup;
			children = (
				7A9B8A041C8E7B13009A983A /* Reachability */,
				7A9AD5391C891EA700D37B83 /* VOSegmentedControl */,
				7A9AD5421C891EA700D37B83 /* PullingRefreshTableView */,
				7A9AD5481C891EA700D37B83 /* ProgressHUD */,
				7A9B75F21C8874850094E771 /* joker.pch */,
				7A9AD5821C897A9F00D37B83 /* Header.h */,
				7A9AD5361C891E2900D37B83 /* HWTools.h */,
				7A9AD5371C891E2900D37B83 /* HWTools.m */,
				7A8826C01C8D7383007264EC /* UIView+UIViewExtension.h */,
				7A8826C11C8D7383007264EC /* UIView+UIViewExtension.m */,
				7A9B8A011C8E790C009A983A /* ZMYNetManager.h */,
				7A9B8A021C8E790C009A983A /* ZMYNetManager.m */,
			);
			path = Library;
			sourceTree = "<group>";
		};
		7A9B75B21C8802610094E771 /* Rescouse */ = {
			isa = PBXGroup;
			children = (
			);
			path = Rescouse;
			sourceTree = "<group>";
		};
		7A9B8A041C8E7B13009A983A /* Reachability */ = {
			isa = PBXGroup;
			children = (
				7A9B8A051C8E7B13009A983A /* LICENCE.txt */,
				7A9B8A061C8E7B13009A983A /* Reachability.h */,
				7A9B8A071C8E7B13009A983A /* Reachability.m */,
				7A9B8A081C8E7B13009A983A /* README.md */,
			);
			path = Reachability;
			sourceTree = "<group>";
		};
		CFF3105342BBBB21742A3CF7 /* Pods */ = {
			isa = PBXGroup;
			children = (
				D22155C3EFF0B822D2D07FF1 /* Pods.debug.xcconfig */,
				EC4835D6862582801A937E1E /* Pods.release.xcconfig */,
			);
			name = Pods;
			sourceTree = "<group>";
		};
/* End PBXGroup section */

/* Begin PBXNativeTarget section */
		7A9B75851C87FE0F0094E771 /* joker */ = {
			isa = PBXNativeTarget;
			buildConfigurationList = 7A9B759D1C87FE0F0094E771 /* Build configuration list for PBXNativeTarget "joker" */;
			buildPhases = (
				B9054D564DD2BD392C540F19 /* Check Pods Manifest.lock */,
				7A9B75821C87FE0F0094E771 /* Sources */,
				7A9B75831C87FE0F0094E771 /* Frameworks */,
				7A9B75841C87FE0F0094E771 /* Resources */,
				E7BE013FD49C61C4D5C8F4EF /* Embed Pods Frameworks */,
				0543516BDB8889394DB7FC1C /* Copy Pods Resources */,
			);
			buildRules = (
			);
			dependencies = (
			);
			name = joker;
			productName = joker;
			productReference = 7A9B75861C87FE0F0094E771 /* joker.app */;
			productType = "com.apple.product-type.application";
		};
/* End PBXNativeTarget section */

/* Begin PBXProject section */
		7A9B757E1C87FE0F0094E771 /* Project object */ = {
			isa = PBXProject;
			attributes = {
				LastUpgradeCheck = 0720;
				ORGANIZATIONNAME = "肖楠";
				TargetAttributes = {
					7A9B75851C87FE0F0094E771 = {
						CreatedOnToolsVersion = 7.2.1;
					};
				};
			};
			buildConfigurationList = 7A9B75811C87FE0F0094E771 /* Build configuration list for PBXProject "joker" */;
			compatibilityVersion = "Xcode 3.2";
			developmentRegion = English;
			hasScannedForEncodings = 0;
			knownRegions = (
				en,
				Base,
			);
			mainGroup = 7A9B757D1C87FE0F0094E771;
			productRefGroup = 7A9B75871C87FE0F0094E771 /* Products */;
			projectDirPath = "";
			projectRoot = "";
			targets = (
				7A9B75851C87FE0F0094E771 /* joker */,
			);
		};
/* End PBXProject section */

/* Begin PBXResourcesBuildPhase section */
		7A9B75841C87FE0F0094E771 /* Resources */ = {
			isa = PBXResourcesBuildPhase;
			buildActionMask = 2147483647;
			files = (
				7A9B8A091C8E7B13009A983A /* LICENCE.txt in Resources */,
				7A83D19B1C8ABC270061F296 /* PictureTableViewCell.xib in Resources */,
				7A9B75C21C8838F70094E771 /* Check.storyboard in Resources */,
				7AC117BD1C900C3300F5DF20 /* d1.plist in Resources */,
				7AC117D21C90506E00F5DF20 /* DetailTableViewCell.xib in Resources */,
				7A9B75991C87FE0F0094E771 /* LaunchScreen.storyboard in Resources */,
				7A9AD5861C89B44900D37B83 /* picture.plist in Resources */,
				7AC117BB1C8FFB9100F5DF20 /* detail.plist in Resources */,
				7A9B75961C87FE0F0094E771 /* Assets.xcassets in Resources */,
				7A9AD5501C891EA700D37B83 /* blueArrow.png in Resources */,
				7A9B75B41C8837FC0094E771 /* First.storyboard in Resources */,
				7A9AD5841C89970B00D37B83 /* First.plist in Resources */,
				7A9B75C41C8839190094E771 /* Discover.storyboard in Resources */,
				7AC117C71C902D4900F5DF20 /* DetailHeaderView.xib in Resources */,
				7A9AD5511C891EA700D37B83 /* blueArrowDown.png in Resources */,
				7A9AD5531C891EA700D37B83 /* ProgressHUD.bundle in Resources */,
				7A9B75C61C8839270094E771 /* Message.storyboard in Resources */,
			);
			runOnlyForDeploymentPostprocessing = 0;
		};
/* End PBXResourcesBuildPhase section */

/* Begin PBXShellScriptBuildPhase section */
		0543516BDB8889394DB7FC1C /* Copy Pods Resources */ = {
			isa = PBXShellScriptBuildPhase;
			buildActionMask = 2147483647;
			files = (
			);
			inputPaths = (
			);
			name = "Copy Pods Resources";
			outputPaths = (
			);
			runOnlyForDeploymentPostprocessing = 0;
			shellPath = /bin/sh;
			shellScript = "\"${SRCROOT}/Pods/Target Support Files/Pods/Pods-resources.sh\"\n";
			showEnvVarsInLog = 0;
		};
		B9054D564DD2BD392C540F19 /* Check Pods Manifest.lock */ = {
			isa = PBXShellScriptBuildPhase;
			buildActionMask = 2147483647;
			files = (
			);
			inputPaths = (
			);
			name = "Check Pods Manifest.lock";
			outputPaths = (
			);
			runOnlyForDeploymentPostprocessing = 0;
			shellPath = /bin/sh;
			shellScript = "diff \"${PODS_ROOT}/../Podfile.lock\" \"${PODS_ROOT}/Manifest.lock\" > /dev/null\nif [[ $? != 0 ]] ; then\n    cat << EOM\nerror: The sandbox is not in sync with the Podfile.lock. Run 'pod install' or update your CocoaPods installation.\nEOM\n    exit 1\nfi\n";
			showEnvVarsInLog = 0;
		};
		E7BE013FD49C61C4D5C8F4EF /* Embed Pods Frameworks */ = {
			isa = PBXShellScriptBuildPhase;
			buildActionMask = 2147483647;
			files = (
			);
			inputPaths = (
			);
			name = "Embed Pods Frameworks";
			outputPaths = (
			);
			runOnlyForDeploymentPostprocessing = 0;
			shellPath = /bin/sh;
			shellScript = "\"${SRCROOT}/Pods/Target Support Files/Pods/Pods-frameworks.sh\"\n";
			showEnvVarsInLog = 0;
		};
/* End PBXShellScriptBuildPhase section */

/* Begin PBXSourcesBuildPhase section */
		7A9B75821C87FE0F0094E771 /* Sources */ = {
			isa = PBXSourcesBuildPhase;
			buildActionMask = 2147483647;
			files = (
				7A9AD54E1C891EA700D37B83 /* VOSegment.m in Sources */,
				7AC117D11C90506E00F5DF20 /* DetailTableViewCell.m in Sources */,
				7AD24B1C1C8AF1D1008D7A4E /* PictureModel.m in Sources */,
				7A9AD5541C891EA700D37B83 /* ProgressHUD.m in Sources */,
				7A9AD5521C891EA700D37B83 /* PullingRefreshTableView.m in Sources */,
				7A9AD54C1C891EA700D37B83 /* VOContentLayer.m in Sources */,
				7A9B8A031C8E790C009A983A /* ZMYNetManager.m in Sources */,
				7A83D19A1C8ABC270061F296 /* PictureTableViewCell.m in Sources */,
				7A9B75C01C8838DE0094E771 /* MessageViewController.m in Sources */,
				7A9B75BD1C8838CC0094E771 /* DiscoverViewController.m in Sources */,
				7A9B758E1C87FE0F0094E771 /* AppDelegate.m in Sources */,
				7A9AD54F1C891EA700D37B83 /* VOSegmentedControl.m in Sources */,
				7AC117C01C901A8300F5DF20 /* DetailModel.m in Sources */,
				7A9B75BA1C8838B20094E771 /* CheckViewController.m in Sources */,
				7A9AD54D1C891EA700D37B83 /* VOIndicatorAnimation.m in Sources */,
				7A9B8A0B1C8E7B13009A983A /* README.md in Sources */,
				7A9AD5381C891E2900D37B83 /* HWTools.m in Sources */,
				7A85B8211C8FCF6B00F9ADD5 /* DetailViewController.m in Sources */,
				7A8826C21C8D7383007264EC /* UIView+UIViewExtension.m in Sources */,
				7AC117CA1C902D7400F5DF20 /* DetailHeaderView.m in Sources */,
				7A9B75B71C88386E0094E771 /* FirstViewController.m in Sources */,
				7A9B8A0A1C8E7B13009A983A /* Reachability.m in Sources */,
				7A9B758B1C87FE0F0094E771 /* main.m in Sources */,
			);
			runOnlyForDeploymentPostprocessing = 0;
		};
/* End PBXSourcesBuildPhase section */

/* Begin PBXVariantGroup section */
		7A9B75971C87FE0F0094E771 /* LaunchScreen.storyboard */ = {
			isa = PBXVariantGroup;
			children = (
				7A9B75981C87FE0F0094E771 /* Base */,
			);
			name = LaunchScreen.storyboard;
			sourceTree = "<group>";
		};
/* End PBXVariantGroup section */

/* Begin XCBuildConfiguration section */
		7A9B759B1C87FE0F0094E771 /* Debug */ = {
			isa = XCBuildConfiguration;
			buildSettings = {
				ALWAYS_SEARCH_USER_PATHS = NO;
				CLANG_CXX_LANGUAGE_STANDARD = "gnu++0x";
				CLANG_CXX_LIBRARY = "libc++";
				CLANG_ENABLE_MODULES = YES;
				CLANG_ENABLE_OBJC_ARC = YES;
				CLANG_WARN_BOOL_CONVERSION = YES;
				CLANG_WARN_CONSTANT_CONVERSION = YES;
				CLANG_WARN_DIRECT_OBJC_ISA_USAGE = YES_ERROR;
				CLANG_WARN_EMPTY_BODY = YES;
				CLANG_WARN_ENUM_CONVERSION = YES;
				CLANG_WARN_INT_CONVERSION = YES;
				CLANG_WARN_OBJC_ROOT_CLASS = YES_ERROR;
				CLANG_WARN_UNREACHABLE_CODE = YES;
				CLANG_WARN__DUPLICATE_METHOD_MATCH = YES;
				"CODE_SIGN_IDENTITY[sdk=iphoneos*]" = "iPhone Developer";
				COPY_PHASE_STRIP = NO;
				DEBUG_INFORMATION_FORMAT = dwarf;
				ENABLE_STRICT_OBJC_MSGSEND = YES;
				ENABLE_TESTABILITY = YES;
				GCC_C_LANGUAGE_STANDARD = gnu99;
				GCC_DYNAMIC_NO_PIC = NO;
				GCC_NO_COMMON_BLOCKS = YES;
				GCC_OPTIMIZATION_LEVEL = 0;
				GCC_PREPROCESSOR_DEFINITIONS = (
					"DEBUG=1",
					"$(inherited)",
				);
				GCC_WARN_64_TO_32_BIT_CONVERSION = YES;
				GCC_WARN_ABOUT_RETURN_TYPE = YES_ERROR;
				GCC_WARN_UNDECLARED_SELECTOR = YES;
				GCC_WARN_UNINITIALIZED_AUTOS = YES_AGGRESSIVE;
				GCC_WARN_UNUSED_FUNCTION = YES;
				GCC_WARN_UNUSED_VARIABLE = YES;
				IPHONEOS_DEPLOYMENT_TARGET = 9.2;
				MTL_ENABLE_DEBUG_INFO = YES;
				ONLY_ACTIVE_ARCH = YES;
				SDKROOT = iphoneos;
			};
			name = Debug;
		};
		7A9B759C1C87FE0F0094E771 /* Release */ = {
			isa = XCBuildConfiguration;
			buildSettings = {
				ALWAYS_SEARCH_USER_PATHS = NO;
				CLANG_CXX_LANGUAGE_STANDARD = "gnu++0x";
				CLANG_CXX_LIBRARY = "libc++";
				CLANG_ENABLE_MODULES = YES;
				CLANG_ENABLE_OBJC_ARC = YES;
				CLANG_WARN_BOOL_CONVERSION = YES;
				CLANG_WARN_CONSTANT_CONVERSION = YES;
				CLANG_WARN_DIRECT_OBJC_ISA_USAGE = YES_ERROR;
				CLANG_WARN_EMPTY_BODY = YES;
				CLANG_WARN_ENUM_CONVERSION = YES;
				CLANG_WARN_INT_CONVERSION = YES;
				CLANG_WARN_OBJC_ROOT_CLASS = YES_ERROR;
				CLANG_WARN_UNREACHABLE_CODE = YES;
				CLANG_WARN__DUPLICATE_METHOD_MATCH = YES;
				"CODE_SIGN_IDENTITY[sdk=iphoneos*]" = "iPhone Developer";
				COPY_PHASE_STRIP = NO;
				DEBUG_INFORMATION_FORMAT = "dwarf-with-dsym";
				ENABLE_NS_ASSERTIONS = NO;
				ENABLE_STRICT_OBJC_MSGSEND = YES;
				GCC_C_LANGUAGE_STANDARD = gnu99;
				GCC_NO_COMMON_BLOCKS = YES;
				GCC_WARN_64_TO_32_BIT_CONVERSION = YES;
				GCC_WARN_ABOUT_RETURN_TYPE = YES_ERROR;
				GCC_WARN_UNDECLARED_SELECTOR = YES;
				GCC_WARN_UNINITIALIZED_AUTOS = YES_AGGRESSIVE;
				GCC_WARN_UNUSED_FUNCTION = YES;
				GCC_WARN_UNUSED_VARIABLE = YES;
				IPHONEOS_DEPLOYMENT_TARGET = 9.2;
				MTL_ENABLE_DEBUG_INFO = NO;
				SDKROOT = iphoneos;
				VALIDATE_PRODUCT = YES;
			};
			name = Release;
		};
		7A9B759E1C87FE0F0094E771 /* Debug */ = {
			isa = XCBuildConfiguration;
			baseConfigurationReference = D22155C3EFF0B822D2D07FF1 /* Pods.debug.xcconfig */;
			buildSettings = {
				ASSETCATALOG_COMPILER_APPICON_NAME = AppIcon;
				GCC_PRECOMPILE_PREFIX_HEADER = YES;
				GCC_PREFIX_HEADER = "$(SRCROOT)/joker/Library/joker.pch";
				INFOPLIST_FILE = joker/Info.plist;
				LD_RUNPATH_SEARCH_PATHS = "$(inherited) @executable_path/Frameworks";
				OTHER_LDFLAGS = (
					"$(inherited)",
					"-ObjC",
					"-l\"AFNetworking\"",
					"-l\"MBProgressHUD\"",
					"-l\"SDWebImage\"",
					"-framework",
					"\"CoreGraphics\"",
					"-framework",
					"\"ImageIO\"",
					"-framework",
					"\"MobileCoreServices\"",
					"-framework",
					"\"Security\"",
					"-framework",
					"\"SystemConfiguration\"",
				);
				PRODUCT_BUNDLE_IDENTIFIER = cn.itcast.joker;
				PRODUCT_NAME = "$(TARGET_NAME)";
			};
			name = Debug;
		};
		7A9B759F1C87FE0F0094E771 /* Release */ = {
			isa = XCBuildConfiguration;
			baseConfigurationReference = EC4835D6862582801A937E1E /* Pods.release.xcconfig */;
			buildSettings = {
				ASSETCATALOG_COMPILER_APPICON_NAME = AppIcon;
				GCC_PRECOMPILE_PREFIX_HEADER = YES;
				GCC_PREFIX_HEADER = "$(SRCROOT)/joker/Library/joker.pch";
				INFOPLIST_FILE = joker/Info.plist;
				LD_RUNPATH_SEARCH_PATHS = "$(inherited) @executable_path/Frameworks";
				OTHER_LDFLAGS = (
					"$(inherited)",
					"-ObjC",
					"-l\"AFNetworking\"",
					"-l\"MBProgressHUD\"",
					"-l\"SDWebImage\"",
					"-framework",
					"\"CoreGraphics\"",
					"-framework",
					"\"ImageIO\"",
					"-framework",
					"\"MobileCoreServices\"",
					"-framework",
					"\"Security\"",
					"-framework",
					"\"SystemConfiguration\"",
				);
				PRODUCT_BUNDLE_IDENTIFIER = cn.itcast.joker;
				PRODUCT_NAME = "$(TARGET_NAME)";
			};
			name = Release;
		};
/* End XCBuildConfiguration section */

/* Begin XCConfigurationList section */
		7A9B75811C87FE0F0094E771 /* Build configuration list for PBXProject "joker" */ = {
			isa = XCConfigurationList;
			buildConfigurations = (
				7A9B759B1C87FE0F0094E771 /* Debug */,
				7A9B759C1C87FE0F0094E771 /* Release */,
			);
			defaultConfigurationIsVisible = 0;
			defaultConfigurationName = Release;
		};
		7A9B759D1C87FE0F0094E771 /* Build configuration list for PBXNativeTarget "joker" */ = {
			isa = XCConfigurationList;
			buildConfigurations = (
				7A9B759E1C87FE0F0094E771 /* Debug */,
				7A9B759F1C87FE0F0094E771 /* Release */,
			);
			defaultConfigurationIsVisible = 0;
			defaultConfigurationName = Release;
		};
/* End XCConfigurationList section */
	};
	rootObject = 7A9B757E1C87FE0F0094E771 /* Project object */;
}
